
Microsoft Visual Studio Solution File, Format Version 12.00
# Visual Studio Version 16
VisualStudioVersion = 16.0.31911.196
MinimumVisualStudioVersion = 10.0.40219.1
Project("{FAE04EC0-301F-11D3-BF4B-00C04F79EFBC}") = "E2E", "E2E\E2E.csproj", "{D1DFEB78-55F4-46CF-A459-7EE6346BAD2D}"
EndProject
Global
	GlobalSection(SolutionConfigurationPlatforms) = preSolution
		Debug|Any CPU = Debug|Any CPU
		Release|Any CPU = Release|Any CPU
	EndGlobalSection
	GlobalSection(ProjectConfigurationPlatforms) = postSolution
		{D1DFEB78-55F4-46CF-A459-7EE6346BAD2D}.Debug|Any CPU.ActiveCfg = Debug|Any CPU
		{D1DFEB78-55F4-46CF-A459-7EE6346BAD2D}.Debug|Any CPU.Build.0 = Debug|Any CPU
		{D1DFEB78-55F4-46CF-A459-7EE6346BAD2D}.Release|Any CPU.ActiveCfg = Release|Any CPU
		{D1DFEB78-55F4-46CF-A459-7EE6346BAD2D}.Release|Any CPU.Build.0 = Release|Any CPU
	EndGlobalSection
	GlobalSection(SolutionProperties) = preSolution
		HideSolutionNode = FALSE
	EndGlobalSection
	GlobalSection(ExtensibilityGlobals) = postSolution
		SolutionGuid = {7BF0E9F3-65BE-4B22-89B4-90A5C5B620B9}
	EndGlobalSection
EndGlobal
